// !$*UTF8*$!
{
	archiveVersion = 1;
	classes = {
	};
	objectVersion = 50;
	objects = {

/* Begin PBXBuildFile section */
		0E22E83757E457141247C9B6 /* Pods_CryptoAppUITests.framework in Frameworks */ = {isa = PBXBuildFile; fileRef = CA75C49861E7D305436E2F34 /* Pods_CryptoAppUITests.framework */; };
		40BAE79B22B9C5D10024D2B3 /* TabBarViewController.swift in Sources */ = {isa = PBXBuildFile; fileRef = 40BAE79922B9C5D10024D2B3 /* TabBarViewController.swift */; };
		40BAE79C22B9C5D10024D2B3 /* TabBarViewController.xib in Resources */ = {isa = PBXBuildFile; fileRef = 40BAE79A22B9C5D10024D2B3 /* TabBarViewController.xib */; };
		40BAE7A122B9C78F0024D2B3 /* PredictionViewController.swift in Sources */ = {isa = PBXBuildFile; fileRef = 40BAE79F22B9C78F0024D2B3 /* PredictionViewController.swift */; };
		40BAE7A222B9C78F0024D2B3 /* PredictionViewController.xib in Resources */ = {isa = PBXBuildFile; fileRef = 40BAE7A022B9C78F0024D2B3 /* PredictionViewController.xib */; };
		40BAE7A622B9C7C90024D2B3 /* WalletViewController.swift in Sources */ = {isa = PBXBuildFile; fileRef = 40BAE7A422B9C7C90024D2B3 /* WalletViewController.swift */; };
		40BAE7A722B9C7C90024D2B3 /* WalletViewController.xib in Resources */ = {isa = PBXBuildFile; fileRef = 40BAE7A522B9C7C90024D2B3 /* WalletViewController.xib */; };
		40BAE7AA22B9C82E0024D2B3 /* MarketViewController.swift in Sources */ = {isa = PBXBuildFile; fileRef = 40BAE7A822B9C82E0024D2B3 /* MarketViewController.swift */; };
		40BAE7AB22B9C82E0024D2B3 /* MarketViewController.xib in Resources */ = {isa = PBXBuildFile; fileRef = 40BAE7A922B9C82E0024D2B3 /* MarketViewController.xib */; };
		40BAE7B022B9DC310024D2B3 /* MarketTableViewCell.swift in Sources */ = {isa = PBXBuildFile; fileRef = 40BAE7AE22B9DC310024D2B3 /* MarketTableViewCell.swift */; };
		40BAE7B122B9DC310024D2B3 /* MarketTableViewCell.xib in Resources */ = {isa = PBXBuildFile; fileRef = 40BAE7AF22B9DC310024D2B3 /* MarketTableViewCell.xib */; };
		40BAE7B522BAB9C40024D2B3 /* Coin.swift in Sources */ = {isa = PBXBuildFile; fileRef = 40BAE7B422BAB9C40024D2B3 /* Coin.swift */; };
		40BAE7B922BABD760024D2B3 /* MarketController.swift in Sources */ = {isa = PBXBuildFile; fileRef = 40BAE7B822BABD760024D2B3 /* MarketController.swift */; };
		90B73EC0825B01303E893BE4 /* Pods_CryptoAppTests.framework in Frameworks */ = {isa = PBXBuildFile; fileRef = F0647F4FC209632C1E34FCB3 /* Pods_CryptoAppTests.framework */; };
		9C50027E22A930F5008AE561 /* AppDelegate.swift in Sources */ = {isa = PBXBuildFile; fileRef = 9C50027D22A930F5008AE561 /* AppDelegate.swift */; };
		9C50028022A930F5008AE561 /* ViewController.swift in Sources */ = {isa = PBXBuildFile; fileRef = 9C50027F22A930F5008AE561 /* ViewController.swift */; };
		9C50028322A930F5008AE561 /* Main.storyboard in Resources */ = {isa = PBXBuildFile; fileRef = 9C50028122A930F5008AE561 /* Main.storyboard */; };
		9C50028522A930F7008AE561 /* Assets.xcassets in Resources */ = {isa = PBXBuildFile; fileRef = 9C50028422A930F7008AE561 /* Assets.xcassets */; };
		9C50028822A930F7008AE561 /* LaunchScreen.storyboard in Resources */ = {isa = PBXBuildFile; fileRef = 9C50028622A930F7008AE561 /* LaunchScreen.storyboard */; };
		9C50029322A930F7008AE561 /* CryptoAppTests.swift in Sources */ = {isa = PBXBuildFile; fileRef = 9C50029222A930F7008AE561 /* CryptoAppTests.swift */; };
		9C50029E22A930F7008AE561 /* CryptoAppUITests.swift in Sources */ = {isa = PBXBuildFile; fileRef = 9C50029D22A930F7008AE561 /* CryptoAppUITests.swift */; };
		CFE5CAFDD004B0DAD80BBBED /* Pods_CryptoApp.framework in Frameworks */ = {isa = PBXBuildFile; fileRef = 3E64DFA2B7C87C4A33D44932 /* Pods_CryptoApp.framework */; };
/* End PBXBuildFile section */

/* Begin PBXContainerItemProxy section */
		9C50028F22A930F7008AE561 /* PBXContainerItemProxy */ = {
			isa = PBXContainerItemProxy;
			containerPortal = 9C50027222A930F5008AE561 /* Project object */;
			proxyType = 1;
			remoteGlobalIDString = 9C50027922A930F5008AE561;
			remoteInfo = CryptoApp;
		};
		9C50029A22A930F7008AE561 /* PBXContainerItemProxy */ = {
			isa = PBXContainerItemProxy;
			containerPortal = 9C50027222A930F5008AE561 /* Project object */;
			proxyType = 1;
			remoteGlobalIDString = 9C50027922A930F5008AE561;
			remoteInfo = CryptoApp;
		};
/* End PBXContainerItemProxy section */

/* Begin PBXFileReference section */
		3E64DFA2B7C87C4A33D44932 /* Pods_CryptoApp.framework */ = {isa = PBXFileReference; explicitFileType = wrapper.framework; includeInIndex = 0; path = Pods_CryptoApp.framework; sourceTree = BUILT_PRODUCTS_DIR; };
		40BAE79922B9C5D10024D2B3 /* TabBarViewController.swift */ = {isa = PBXFileReference; lastKnownFileType = sourcecode.swift; path = TabBarViewController.swift; sourceTree = "<group>"; };
		40BAE79A22B9C5D10024D2B3 /* TabBarViewController.xib */ = {isa = PBXFileReference; lastKnownFileType = file.xib; path = TabBarViewController.xib; sourceTree = "<group>"; };
		40BAE79F22B9C78F0024D2B3 /* PredictionViewController.swift */ = {isa = PBXFileReference; lastKnownFileType = sourcecode.swift; path = PredictionViewController.swift; sourceTree = "<group>"; };
		40BAE7A022B9C78F0024D2B3 /* PredictionViewController.xib */ = {isa = PBXFileReference; lastKnownFileType = file.xib; path = PredictionViewController.xib; sourceTree = "<group>"; };
		40BAE7A422B9C7C90024D2B3 /* WalletViewController.swift */ = {isa = PBXFileReference; lastKnownFileType = sourcecode.swift; path = WalletViewController.swift; sourceTree = "<group>"; };
		40BAE7A522B9C7C90024D2B3 /* WalletViewController.xib */ = {isa = PBXFileReference; lastKnownFileType = file.xib; path = WalletViewController.xib; sourceTree = "<group>"; };
		40BAE7A822B9C82E0024D2B3 /* MarketViewController.swift */ = {isa = PBXFileReference; lastKnownFileType = sourcecode.swift; path = MarketViewController.swift; sourceTree = "<group>"; };
		40BAE7A922B9C82E0024D2B3 /* MarketViewController.xib */ = {isa = PBXFileReference; lastKnownFileType = file.xib; path = MarketViewController.xib; sourceTree = "<group>"; };
		40BAE7AE22B9DC310024D2B3 /* MarketTableViewCell.swift */ = {isa = PBXFileReference; lastKnownFileType = sourcecode.swift; path = MarketTableViewCell.swift; sourceTree = "<group>"; };
		40BAE7AF22B9DC310024D2B3 /* MarketTableViewCell.xib */ = {isa = PBXFileReference; lastKnownFileType = file.xib; path = MarketTableViewCell.xib; sourceTree = "<group>"; };
		40BAE7B422BAB9C40024D2B3 /* Coin.swift */ = {isa = PBXFileReference; lastKnownFileType = sourcecode.swift; path = Coin.swift; sourceTree = "<group>"; };
		40BAE7B822BABD760024D2B3 /* MarketController.swift */ = {isa = PBXFileReference; lastKnownFileType = sourcecode.swift; path = MarketController.swift; sourceTree = "<group>"; };
		72FADDED504617069CC60B5B /* Pods-CryptoApp.debug.xcconfig */ = {isa = PBXFileReference; includeInIndex = 1; lastKnownFileType = text.xcconfig; name = "Pods-CryptoApp.debug.xcconfig"; path = "Target Support Files/Pods-CryptoApp/Pods-CryptoApp.debug.xcconfig"; sourceTree = "<group>"; };
		85E2E59C0F94CC03370BC16B /* Pods-CryptoAppUITests.debug.xcconfig */ = {isa = PBXFileReference; includeInIndex = 1; lastKnownFileType = text.xcconfig; name = "Pods-CryptoAppUITests.debug.xcconfig"; path = "Target Support Files/Pods-CryptoAppUITests/Pods-CryptoAppUITests.debug.xcconfig"; sourceTree = "<group>"; };
		9C50027A22A930F5008AE561 /* CryptoApp.app */ = {isa = PBXFileReference; explicitFileType = wrapper.application; includeInIndex = 0; path = CryptoApp.app; sourceTree = BUILT_PRODUCTS_DIR; };
		9C50027D22A930F5008AE561 /* AppDelegate.swift */ = {isa = PBXFileReference; lastKnownFileType = sourcecode.swift; path = AppDelegate.swift; sourceTree = "<group>"; };
		9C50027F22A930F5008AE561 /* ViewController.swift */ = {isa = PBXFileReference; lastKnownFileType = sourcecode.swift; path = ViewController.swift; sourceTree = "<group>"; };
		9C50028222A930F5008AE561 /* Base */ = {isa = PBXFileReference; lastKnownFileType = file.storyboard; name = Base; path = Base.lproj/Main.storyboard; sourceTree = "<group>"; };
		9C50028422A930F7008AE561 /* Assets.xcassets */ = {isa = PBXFileReference; lastKnownFileType = folder.assetcatalog; path = Assets.xcassets; sourceTree = "<group>"; };
		9C50028722A930F7008AE561 /* Base */ = {isa = PBXFileReference; lastKnownFileType = file.storyboard; name = Base; path = Base.lproj/LaunchScreen.storyboard; sourceTree = "<group>"; };
		9C50028922A930F7008AE561 /* Info.plist */ = {isa = PBXFileReference; lastKnownFileType = text.plist.xml; path = Info.plist; sourceTree = "<group>"; };
		9C50028E22A930F7008AE561 /* CryptoAppTests.xctest */ = {isa = PBXFileReference; explicitFileType = wrapper.cfbundle; includeInIndex = 0; path = CryptoAppTests.xctest; sourceTree = BUILT_PRODUCTS_DIR; };
		9C50029222A930F7008AE561 /* CryptoAppTests.swift */ = {isa = PBXFileReference; lastKnownFileType = sourcecode.swift; path = CryptoAppTests.swift; sourceTree = "<group>"; };
		9C50029422A930F7008AE561 /* Info.plist */ = {isa = PBXFileReference; lastKnownFileType = text.plist.xml; path = Info.plist; sourceTree = "<group>"; };
		9C50029922A930F7008AE561 /* CryptoAppUITests.xctest */ = {isa = PBXFileReference; explicitFileType = wrapper.cfbundle; includeInIndex = 0; path = CryptoAppUITests.xctest; sourceTree = BUILT_PRODUCTS_DIR; };
		9C50029D22A930F7008AE561 /* CryptoAppUITests.swift */ = {isa = PBXFileReference; lastKnownFileType = sourcecode.swift; path = CryptoAppUITests.swift; sourceTree = "<group>"; };
		9C50029F22A930F7008AE561 /* Info.plist */ = {isa = PBXFileReference; lastKnownFileType = text.plist.xml; path = Info.plist; sourceTree = "<group>"; };
		C391D11B7C898A21F9021984 /* Pods-CryptoAppTests.release.xcconfig */ = {isa = PBXFileReference; includeInIndex = 1; lastKnownFileType = text.xcconfig; name = "Pods-CryptoAppTests.release.xcconfig"; path = "Target Support Files/Pods-CryptoAppTests/Pods-CryptoAppTests.release.xcconfig"; sourceTree = "<group>"; };
		CA75C49861E7D305436E2F34 /* Pods_CryptoAppUITests.framework */ = {isa = PBXFileReference; explicitFileType = wrapper.framework; includeInIndex = 0; path = Pods_CryptoAppUITests.framework; sourceTree = BUILT_PRODUCTS_DIR; };
		D59CB7712128EBB7106194A4 /* Pods-CryptoAppUITests.release.xcconfig */ = {isa = PBXFileReference; includeInIndex = 1; lastKnownFileType = text.xcconfig; name = "Pods-CryptoAppUITests.release.xcconfig"; path = "Target Support Files/Pods-CryptoAppUITests/Pods-CryptoAppUITests.release.xcconfig"; sourceTree = "<group>"; };
		F0647F4FC209632C1E34FCB3 /* Pods_CryptoAppTests.framework */ = {isa = PBXFileReference; explicitFileType = wrapper.framework; includeInIndex = 0; path = Pods_CryptoAppTests.framework; sourceTree = BUILT_PRODUCTS_DIR; };
		FBA1FA79DB928E94F28A117A /* Pods-CryptoApp.release.xcconfig */ = {isa = PBXFileReference; includeInIndex = 1; lastKnownFileType = text.xcconfig; name = "Pods-CryptoApp.release.xcconfig"; path = "Target Support Files/Pods-CryptoApp/Pods-CryptoApp.release.xcconfig"; sourceTree = "<group>"; };
		FC638CFA53135D96A8DE62A9 /* Pods-CryptoAppTests.debug.xcconfig */ = {isa = PBXFileReference; includeInIndex = 1; lastKnownFileType = text.xcconfig; name = "Pods-CryptoAppTests.debug.xcconfig"; path = "Target Support Files/Pods-CryptoAppTests/Pods-CryptoAppTests.debug.xcconfig"; sourceTree = "<group>"; };
/* End PBXFileReference section */

/* Begin PBXFrameworksBuildPhase section */
		9C50027722A930F5008AE561 /* Frameworks */ = {
			isa = PBXFrameworksBuildPhase;
			buildActionMask = 2147483647;
			files = (
				CFE5CAFDD004B0DAD80BBBED /* Pods_CryptoApp.framework in Frameworks */,
			);
			runOnlyForDeploymentPostprocessing = 0;
		};
		9C50028B22A930F7008AE561 /* Frameworks */ = {
			isa = PBXFrameworksBuildPhase;
			buildActionMask = 2147483647;
			files = (
				90B73EC0825B01303E893BE4 /* Pods_CryptoAppTests.framework in Frameworks */,
			);
			runOnlyForDeploymentPostprocessing = 0;
		};
		9C50029622A930F7008AE561 /* Frameworks */ = {
			isa = PBXFrameworksBuildPhase;
			buildActionMask = 2147483647;
			files = (
				0E22E83757E457141247C9B6 /* Pods_CryptoAppUITests.framework in Frameworks */,
			);
			runOnlyForDeploymentPostprocessing = 0;
		};
/* End PBXFrameworksBuildPhase section */

/* Begin PBXGroup section */
		12E2304862333AFD9867923D /* Pods */ = {
			isa = PBXGroup;
			children = (
				72FADDED504617069CC60B5B /* Pods-CryptoApp.debug.xcconfig */,
				FBA1FA79DB928E94F28A117A /* Pods-CryptoApp.release.xcconfig */,
				FC638CFA53135D96A8DE62A9 /* Pods-CryptoAppTests.debug.xcconfig */,
				C391D11B7C898A21F9021984 /* Pods-CryptoAppTests.release.xcconfig */,
				85E2E59C0F94CC03370BC16B /* Pods-CryptoAppUITests.debug.xcconfig */,
				D59CB7712128EBB7106194A4 /* Pods-CryptoAppUITests.release.xcconfig */,
			);
			name = Pods;
			path = Pods;
			sourceTree = "<group>";
		};
		40BAE79D22B9C5DE0024D2B3 /* TabBarViewController */ = {
			isa = PBXGroup;
			children = (
				40BAE79922B9C5D10024D2B3 /* TabBarViewController.swift */,
				40BAE79A22B9C5D10024D2B3 /* TabBarViewController.xib */,
				40BAE79E22B9C7450024D2B3 /* PredictionView */,
				40BAE7A322B9C7970024D2B3 /* WalletView */,
				40BAE7AC22B9C8350024D2B3 /* MarketView */,
			);
			path = TabBarViewController;
			sourceTree = "<group>";
		};
		40BAE79E22B9C7450024D2B3 /* PredictionView */ = {
			isa = PBXGroup;
			children = (
				40BAE79F22B9C78F0024D2B3 /* PredictionViewController.swift */,
				40BAE7A022B9C78F0024D2B3 /* PredictionViewController.xib */,
			);
			path = PredictionView;
			sourceTree = "<group>";
		};
		40BAE7A322B9C7970024D2B3 /* WalletView */ = {
			isa = PBXGroup;
			children = (
				40BAE7A422B9C7C90024D2B3 /* WalletViewController.swift */,
				40BAE7A522B9C7C90024D2B3 /* WalletViewController.xib */,
			);
			path = WalletView;
			sourceTree = "<group>";
		};
		40BAE7AC22B9C8350024D2B3 /* MarketView */ = {
			isa = PBXGroup;
			children = (
				40BAE7A822B9C82E0024D2B3 /* MarketViewController.swift */,
				40BAE7A922B9C82E0024D2B3 /* MarketViewController.xib */,
				40BAE7B822BABD760024D2B3 /* MarketController.swift */,
				40BAE7AE22B9DC310024D2B3 /* MarketTableViewCell.swift */,
				40BAE7AF22B9DC310024D2B3 /* MarketTableViewCell.xib */,
			);
			path = MarketView;
			sourceTree = "<group>";
		};
		40BAE7B222BAB9790024D2B3 /* Common */ = {
			isa = PBXGroup;
			children = (
				40BAE7BA22BAD9BB0024D2B3 /* New Group */,
				40BAE7B322BAB9AC0024D2B3 /* Model */,
			);
			path = Common;
			sourceTree = "<group>";
		};
		40BAE7B322BAB9AC0024D2B3 /* Model */ = {
			isa = PBXGroup;
			children = (
				40BAE7B422BAB9C40024D2B3 /* Coin.swift */,
			);
			path = Model;
			sourceTree = "<group>";
		};
		40BAE7BA22BAD9BB0024D2B3 /* New Group */ = {
			isa = PBXGroup;
			children = (
			);
			path = "New Group";
			sourceTree = "<group>";
		};
		9C50027122A930F5008AE561 = {
			isa = PBXGroup;
			children = (
				9C50027C22A930F5008AE561 /* CryptoApp */,
				9C50029122A930F7008AE561 /* CryptoAppTests */,
				9C50029C22A930F7008AE561 /* CryptoAppUITests */,
				9C50027B22A930F5008AE561 /* Products */,
				12E2304862333AFD9867923D /* Pods */,
				A3BBE0A772AF43365EA21E97 /* Frameworks */,
			);
			sourceTree = "<group>";
		};
		9C50027B22A930F5008AE561 /* Products */ = {
			isa = PBXGroup;
			children = (
				9C50027A22A930F5008AE561 /* CryptoApp.app */,
				9C50028E22A930F7008AE561 /* CryptoAppTests.xctest */,
				9C50029922A930F7008AE561 /* CryptoAppUITests.xctest */,
			);
			name = Products;
			sourceTree = "<group>";
		};
		9C50027C22A930F5008AE561 /* CryptoApp */ = {
			isa = PBXGroup;
			children = (
				40BAE7B222BAB9790024D2B3 /* Common */,
				40BAE79D22B9C5DE0024D2B3 /* TabBarViewController */,
				9C50027D22A930F5008AE561 /* AppDelegate.swift */,
				9C50027F22A930F5008AE561 /* ViewController.swift */,
				9C50028122A930F5008AE561 /* Main.storyboard */,
				9C50028422A930F7008AE561 /* Assets.xcassets */,
				9C50028622A930F7008AE561 /* LaunchScreen.storyboard */,
				9C50028922A930F7008AE561 /* Info.plist */,
			);
			path = CryptoApp;
			sourceTree = "<group>";
		};
		9C50029122A930F7008AE561 /* CryptoAppTests */ = {
			isa = PBXGroup;
			children = (
				9C50029222A930F7008AE561 /* CryptoAppTests.swift */,
				9C50029422A930F7008AE561 /* Info.plist */,
			);
			path = CryptoAppTests;
			sourceTree = "<group>";
		};
		9C50029C22A930F7008AE561 /* CryptoAppUITests */ = {
			isa = PBXGroup;
			children = (
				9C50029D22A930F7008AE561 /* CryptoAppUITests.swift */,
				9C50029F22A930F7008AE561 /* Info.plist */,
			);
			path = CryptoAppUITests;
			sourceTree = "<group>";
		};
		A3BBE0A772AF43365EA21E97 /* Frameworks */ = {
			isa = PBXGroup;
			children = (
				3E64DFA2B7C87C4A33D44932 /* Pods_CryptoApp.framework */,
				F0647F4FC209632C1E34FCB3 /* Pods_CryptoAppTests.framework */,
				CA75C49861E7D305436E2F34 /* Pods_CryptoAppUITests.framework */,
			);
			name = Frameworks;
			sourceTree = "<group>";
		};
/* End PBXGroup section */

/* Begin PBXNativeTarget section */
		9C50027922A930F5008AE561 /* CryptoApp */ = {
			isa = PBXNativeTarget;
			buildConfigurationList = 9C5002A222A930F7008AE561 /* Build configuration list for PBXNativeTarget "CryptoApp" */;
			buildPhases = (
				E91BBEBE69322E2963E023B8 /* [CP] Check Pods Manifest.lock */,
				9C50027622A930F5008AE561 /* Sources */,
				9C50027722A930F5008AE561 /* Frameworks */,
				9C50027822A930F5008AE561 /* Resources */,
				968EE33C0E24B80F2B4151B2 /* [CP] Embed Pods Frameworks */,
			);
			buildRules = (
			);
			dependencies = (
			);
			name = CryptoApp;
			productName = CryptoApp;
			productReference = 9C50027A22A930F5008AE561 /* CryptoApp.app */;
			productType = "com.apple.product-type.application";
		};
		9C50028D22A930F7008AE561 /* CryptoAppTests */ = {
			isa = PBXNativeTarget;
			buildConfigurationList = 9C5002A522A930F7008AE561 /* Build configuration list for PBXNativeTarget "CryptoAppTests" */;
			buildPhases = (
				60C5CD9E49BE2354E71E1E58 /* [CP] Check Pods Manifest.lock */,
				9C50028A22A930F7008AE561 /* Sources */,
				9C50028B22A930F7008AE561 /* Frameworks */,
				9C50028C22A930F7008AE561 /* Resources */,
			);
			buildRules = (
			);
			dependencies = (
				9C50029022A930F7008AE561 /* PBXTargetDependency */,
			);
			name = CryptoAppTests;
			productName = CryptoAppTests;
			productReference = 9C50028E22A930F7008AE561 /* CryptoAppTests.xctest */;
			productType = "com.apple.product-type.bundle.unit-test";
		};
		9C50029822A930F7008AE561 /* CryptoAppUITests */ = {
			isa = PBXNativeTarget;
			buildConfigurationList = 9C5002A822A930F7008AE561 /* Build configuration list for PBXNativeTarget "CryptoAppUITests" */;
			buildPhases = (
				ADF035A957A970F5261B5A2C /* [CP] Check Pods Manifest.lock */,
				9C50029522A930F7008AE561 /* Sources */,
				9C50029622A930F7008AE561 /* Frameworks */,
				9C50029722A930F7008AE561 /* Resources */,
			);
			buildRules = (
			);
			dependencies = (
				9C50029B22A930F7008AE561 /* PBXTargetDependency */,
			);
			name = CryptoAppUITests;
			productName = CryptoAppUITests;
			productReference = 9C50029922A930F7008AE561 /* CryptoAppUITests.xctest */;
			productType = "com.apple.product-type.bundle.ui-testing";
		};
/* End PBXNativeTarget section */

/* Begin PBXProject section */
		9C50027222A930F5008AE561 /* Project object */ = {
			isa = PBXProject;
			attributes = {
				LastSwiftUpdateCheck = 1020;
				LastUpgradeCheck = 1020;
				ORGANIZATIONNAME = "Felipe Viberti";
				TargetAttributes = {
					9C50027922A930F5008AE561 = {
						CreatedOnToolsVersion = 10.2.1;
					};
					9C50028D22A930F7008AE561 = {
						CreatedOnToolsVersion = 10.2.1;
						TestTargetID = 9C50027922A930F5008AE561;
					};
					9C50029822A930F7008AE561 = {
						CreatedOnToolsVersion = 10.2.1;
						TestTargetID = 9C50027922A930F5008AE561;
					};
				};
			};
			buildConfigurationList = 9C50027522A930F5008AE561 /* Build configuration list for PBXProject "CryptoApp" */;
			compatibilityVersion = "Xcode 9.3";
			developmentRegion = en;
			hasScannedForEncodings = 0;
			knownRegions = (
				en,
				Base,
			);
			mainGroup = 9C50027122A930F5008AE561;
			productRefGroup = 9C50027B22A930F5008AE561 /* Products */;
			projectDirPath = "";
			projectRoot = "";
			targets = (
				9C50027922A930F5008AE561 /* CryptoApp */,
				9C50028D22A930F7008AE561 /* CryptoAppTests */,
				9C50029822A930F7008AE561 /* CryptoAppUITests */,
			);
		};
/* End PBXProject section */

/* Begin PBXResourcesBuildPhase section */
		9C50027822A930F5008AE561 /* Resources */ = {
			isa = PBXResourcesBuildPhase;
			buildActionMask = 2147483647;
			files = (
				40BAE79C22B9C5D10024D2B3 /* TabBarViewController.xib in Resources */,
				40BAE7A222B9C78F0024D2B3 /* PredictionViewController.xib in Resources */,
				9C50028822A930F7008AE561 /* LaunchScreen.storyboard in Resources */,
				9C50028522A930F7008AE561 /* Assets.xcassets in Resources */,
				9C50028322A930F5008AE561 /* Main.storyboard in Resources */,
				40BAE7A722B9C7C90024D2B3 /* WalletViewController.xib in Resources */,
				40BAE7AB22B9C82E0024D2B3 /* MarketViewController.xib in Resources */,
				40BAE7B122B9DC310024D2B3 /* MarketTableViewCell.xib in Resources */,
			);
			runOnlyForDeploymentPostprocessing = 0;
		};
		9C50028C22A930F7008AE561 /* Resources */ = {
			isa = PBXResourcesBuildPhase;
			buildActionMask = 2147483647;
			files = (
			);
			runOnlyForDeploymentPostprocessing = 0;
		};
		9C50029722A930F7008AE561 /* Resources */ = {
			isa = PBXResourcesBuildPhase;
			buildActionMask = 2147483647;
			files = (
			);
			runOnlyForDeploymentPostprocessing = 0;
		};
/* End PBXResourcesBuildPhase section */

/* Begin PBXShellScriptBuildPhase section */
		60C5CD9E49BE2354E71E1E58 /* [CP] Check Pods Manifest.lock */ = {
			isa = PBXShellScriptBuildPhase;
			buildActionMask = 2147483647;
			files = (
			);
			inputFileListPaths = (
			);
			inputPaths = (
				"${PODS_PODFILE_DIR_PATH}/Podfile.lock",
				"${PODS_ROOT}/Manifest.lock",
			);
			name = "[CP] Check Pods Manifest.lock";
			outputFileListPaths = (
			);
			outputPaths = (
				"$(DERIVED_FILE_DIR)/Pods-CryptoAppTests-checkManifestLockResult.txt",
			);
			runOnlyForDeploymentPostprocessing = 0;
			shellPath = /bin/sh;
			shellScript = "diff \"${PODS_PODFILE_DIR_PATH}/Podfile.lock\" \"${PODS_ROOT}/Manifest.lock\" > /dev/null\nif [ $? != 0 ] ; then\n    # print error to STDERR\n    echo \"error: The sandbox is not in sync with the Podfile.lock. Run 'pod install' or update your CocoaPods installation.\" >&2\n    exit 1\nfi\n# This output is used by Xcode 'outputs' to avoid re-running this script phase.\necho \"SUCCESS\" > \"${SCRIPT_OUTPUT_FILE_0}\"\n";
			showEnvVarsInLog = 0;
		};
		968EE33C0E24B80F2B4151B2 /* [CP] Embed Pods Frameworks */ = {
			isa = PBXShellScriptBuildPhase;
			buildActionMask = 2147483647;
			files = (
			);
			inputFileListPaths = (
				"${PODS_ROOT}/Target Support Files/Pods-CryptoApp/Pods-CryptoApp-frameworks-${CONFIGURATION}-input-files.xcfilelist",
			);
			name = "[CP] Embed Pods Frameworks";
			outputFileListPaths = (
				"${PODS_ROOT}/Target Support Files/Pods-CryptoApp/Pods-CryptoApp-frameworks-${CONFIGURATION}-output-files.xcfilelist",
			);
			runOnlyForDeploymentPostprocessing = 0;
			shellPath = /bin/sh;
			shellScript = "\"${PODS_ROOT}/Target Support Files/Pods-CryptoApp/Pods-CryptoApp-frameworks.sh\"\n";
			showEnvVarsInLog = 0;
		};
		ADF035A957A970F5261B5A2C /* [CP] Check Pods Manifest.lock */ = {
			isa = PBXShellScriptBuildPhase;
			buildActionMask = 2147483647;
			files = (
			);
			inputFileListPaths = (
			);
			inputPaths = (
				"${PODS_PODFILE_DIR_PATH}/Podfile.lock",
				"${PODS_ROOT}/Manifest.lock",
			);
			name = "[CP] Check Pods Manifest.lock";
			outputFileListPaths = (
			);
			outputPaths = (
				"$(DERIVED_FILE_DIR)/Pods-CryptoAppUITests-checkManifestLockResult.txt",
			);
			runOnlyForDeploymentPostprocessing = 0;
			shellPath = /bin/sh;
			shellScript = "diff \"${PODS_PODFILE_DIR_PATH}/Podfile.lock\" \"${PODS_ROOT}/Manifest.lock\" > /dev/null\nif [ $? != 0 ] ; then\n    # print error to STDERR\n    echo \"error: The sandbox is not in sync with the Podfile.lock. Run 'pod install' or update your CocoaPods installation.\" >&2\n    exit 1\nfi\n# This output is used by Xcode 'outputs' to avoid re-running this script phase.\necho \"SUCCESS\" > \"${SCRIPT_OUTPUT_FILE_0}\"\n";
			showEnvVarsInLog = 0;
		};
		E91BBEBE69322E2963E023B8 /* [CP] Check Pods Manifest.lock */ = {
			isa = PBXShellScriptBuildPhase;
			buildActionMask = 2147483647;
			files = (
			);
			inputFileListPaths = (
			);
			inputPaths = (
				"${PODS_PODFILE_DIR_PATH}/Podfile.lock",
				"${PODS_ROOT}/Manifest.lock",
			);
			name = "[CP] Check Pods Manifest.lock";
			outputFileListPaths = (
			);
			outputPaths = (
				"$(DERIVED_FILE_DIR)/Pods-CryptoApp-checkManifestLockResult.txt",
			);
			runOnlyForDeploymentPostprocessing = 0;
			shellPath = /bin/sh;
			shellScript = "diff \"${PODS_PODFILE_DIR_PATH}/Podfile.lock\" \"${PODS_ROOT}/Manifest.lock\" > /dev/null\nif [ $? != 0 ] ; then\n    # print error to STDERR\n    echo \"error: The sandbox is not in sync with the Podfile.lock. Run 'pod install' or update your CocoaPods installation.\" >&2\n    exit 1\nfi\n# This output is used by Xcode 'outputs' to avoid re-running this script phase.\necho \"SUCCESS\" > \"${SCRIPT_OUTPUT_FILE_0}\"\n";
			showEnvVarsInLog = 0;
		};
/* End PBXShellScriptBuildPhase section */

/* Begin PBXSourcesBuildPhase section */
		9C50027622A930F5008AE561 /* Sources */ = {
			isa = PBXSourcesBuildPhase;
			buildActionMask = 2147483647;
			files = (
				9C50028022A930F5008AE561 /* ViewController.swift in Sources */,
				40BAE7B022B9DC310024D2B3 /* MarketTableViewCell.swift in Sources */,
				40BAE7A122B9C78F0024D2B3 /* PredictionViewController.swift in Sources */,
				40BAE79B22B9C5D10024D2B3 /* TabBarViewController.swift in Sources */,
				9C50027E22A930F5008AE561 /* AppDelegate.swift in Sources */,
				40BAE7AA22B9C82E0024D2B3 /* MarketViewController.swift in Sources */,
				40BAE7B522BAB9C40024D2B3 /* Coin.swift in Sources */,
				40BAE7A622B9C7C90024D2B3 /* WalletViewController.swift in Sources */,
				40BAE7B922BABD760024D2B3 /* MarketController.swift in Sources */,
			);
			runOnlyForDeploymentPostprocessing = 0;
		};
		9C50028A22A930F7008AE561 /* Sources */ = {
			isa = PBXSourcesBuildPhase;
			buildActionMask = 2147483647;
			files = (
				9C50029322A930F7008AE561 /* CryptoAppTests.swift in Sources */,
			);
			runOnlyForDeploymentPostprocessing = 0;
		};
		9C50029522A930F7008AE561 /* Sources */ = {
			isa = PBXSourcesBuildPhase;
			buildActionMask = 2147483647;
			files = (
				9C50029E22A930F7008AE561 /* CryptoAppUITests.swift in Sources */,
			);
			runOnlyForDeploymentPostprocessing = 0;
		};
/* End PBXSourcesBuildPhase section */

/* Begin PBXTargetDependency section */
		9C50029022A930F7008AE561 /* PBXTargetDependency */ = {
			isa = PBXTargetDependency;
			target = 9C50027922A930F5008AE561 /* CryptoApp */;
			targetProxy = 9C50028F22A930F7008AE561 /* PBXContainerItemProxy */;
		};
		9C50029B22A930F7008AE561 /* PBXTargetDependency */ = {
			isa = PBXTargetDependency;
			target = 9C50027922A930F5008AE561 /* CryptoApp */;
			targetProxy = 9C50029A22A930F7008AE561 /* PBXContainerItemProxy */;
		};
/* End PBXTargetDependency section */

/* Begin PBXVariantGroup section */
		9C50028122A930F5008AE561 /* Main.storyboard */ = {
			isa = PBXVariantGroup;
			children = (
				9C50028222A930F5008AE561 /* Base */,
			);
			name = Main.storyboard;
			sourceTree = "<group>";
		};
		9C50028622A930F7008AE561 /* LaunchScreen.storyboard */ = {
			isa = PBXVariantGroup;
			children = (
				9C50028722A930F7008AE561 /* Base */,
			);
			name = LaunchScreen.storyboard;
			sourceTree = "<group>";
		};
/* End PBXVariantGroup section */

/* Begin XCBuildConfiguration section */
		9C5002A022A930F7008AE561 /* Debug */ = {
			isa = XCBuildConfiguration;
			buildSettings = {
				ALWAYS_SEARCH_USER_PATHS = NO;
				CLANG_ANALYZER_NONNULL = YES;
				CLANG_ANALYZER_NUMBER_OBJECT_CONVERSION = YES_AGGRESSIVE;
				CLANG_CXX_LANGUAGE_STANDARD = "gnu++14";
				CLANG_CXX_LIBRARY = "libc++";
				CLANG_ENABLE_MODULES = YES;
				CLANG_ENABLE_OBJC_ARC = YES;
				CLANG_ENABLE_OBJC_WEAK = YES;
				CLANG_WARN_BLOCK_CAPTURE_AUTORELEASING = YES;
				CLANG_WARN_BOOL_CONVERSION = YES;
				CLANG_WARN_COMMA = YES;
				CLANG_WARN_CONSTANT_CONVERSION = YES;
				CLANG_WARN_DEPRECATED_OBJC_IMPLEMENTATIONS = YES;
				CLANG_WARN_DIRECT_OBJC_ISA_USAGE = YES_ERROR;
				CLANG_WARN_DOCUMENTATION_COMMENTS = YES;
				CLANG_WARN_EMPTY_BODY = YES;
				CLANG_WARN_ENUM_CONVERSION = YES;
				CLANG_WARN_INFINITE_RECURSION = YES;
				CLANG_WARN_INT_CONVERSION = YES;
				CLANG_WARN_NON_LITERAL_NULL_CONVERSION = YES;
				CLANG_WARN_OBJC_IMPLICIT_RETAIN_SELF = YES;
				CLANG_WARN_OBJC_LITERAL_CONVERSION = YES;
				CLANG_WARN_OBJC_ROOT_CLASS = YES_ERROR;
				CLANG_WARN_RANGE_LOOP_ANALYSIS = YES;
				CLANG_WARN_STRICT_PROTOTYPES = YES;
				CLANG_WARN_SUSPICIOUS_MOVE = YES;
				CLANG_WARN_UNGUARDED_AVAILABILITY = YES_AGGRESSIVE;
				CLANG_WARN_UNREACHABLE_CODE = YES;
				CLANG_WARN__DUPLICATE_METHOD_MATCH = YES;
				CODE_SIGN_IDENTITY = "iPhone Developer";
				COPY_PHASE_STRIP = NO;
				DEBUG_INFORMATION_FORMAT = dwarf;
				ENABLE_STRICT_OBJC_MSGSEND = YES;
				ENABLE_TESTABILITY = YES;
				GCC_C_LANGUAGE_STANDARD = gnu11;
				GCC_DYNAMIC_NO_PIC = NO;
				GCC_NO_COMMON_BLOCKS = YES;
				GCC_OPTIMIZATION_LEVEL = 0;
				GCC_PREPROCESSOR_DEFINITIONS = (
					"DEBUG=1",
					"$(inherited)",
				);
				GCC_WARN_64_TO_32_BIT_CONVERSION = YES;
				GCC_WARN_ABOUT_RETURN_TYPE = YES_ERROR;
				GCC_WARN_UNDECLARED_SELECTOR = YES;
				GCC_WARN_UNINITIALIZED_AUTOS = YES_AGGRESSIVE;
				GCC_WARN_UNUSED_FUNCTION = YES;
				GCC_WARN_UNUSED_VARIABLE = YES;
				IPHONEOS_DEPLOYMENT_TARGET = 12.2;
				MTL_ENABLE_DEBUG_INFO = INCLUDE_SOURCE;
				MTL_FAST_MATH = YES;
				ONLY_ACTIVE_ARCH = YES;
				SDKROOT = iphoneos;
				SWIFT_ACTIVE_COMPILATION_CONDITIONS = DEBUG;
				SWIFT_OPTIMIZATION_LEVEL = "-Onone";
			};
			name = Debug;
		};
		9C5002A122A930F7008AE561 /* Release */ = {
			isa = XCBuildConfiguration;
			buildSettings = {
				ALWAYS_SEARCH_USER_PATHS = NO;
				CLANG_ANALYZER_NONNULL = YES;
				CLANG_ANALYZER_NUMBER_OBJECT_CONVERSION = YES_AGGRESSIVE;
				CLANG_CXX_LANGUAGE_STANDARD = "gnu++14";
				CLANG_CXX_LIBRARY = "libc++";
				CLANG_ENABLE_MODULES = YES;
				CLANG_ENABLE_OBJC_ARC = YES;
				CLANG_ENABLE_OBJC_WEAK = YES;
				CLANG_WARN_BLOCK_CAPTURE_AUTORELEASING = YES;
				CLANG_WARN_BOOL_CONVERSION = YES;
				CLANG_WARN_COMMA = YES;
				CLANG_WARN_CONSTANT_CONVERSION = YES;
				CLANG_WARN_DEPRECATED_OBJC_IMPLEMENTATIONS = YES;
				CLANG_WARN_DIRECT_OBJC_ISA_USAGE = YES_ERROR;
				CLANG_WARN_DOCUMENTATION_COMMENTS = YES;
				CLANG_WARN_EMPTY_BODY = YES;
				CLANG_WARN_ENUM_CONVERSION = YES;
				CLANG_WARN_INFINITE_RECURSION = YES;
				CLANG_WARN_INT_CONVERSION = YES;
				CLANG_WARN_NON_LITERAL_NULL_CONVERSION = YES;
				CLANG_WARN_OBJC_IMPLICIT_RETAIN_SELF = YES;
				CLANG_WARN_OBJC_LITERAL_CONVERSION = YES;
				CLANG_WARN_OBJC_ROOT_CLASS = YES_ERROR;
				CLANG_WARN_RANGE_LOOP_ANALYSIS = YES;
				CLANG_WARN_STRICT_PROTOTYPES = YES;
				CLANG_WARN_SUSPICIOUS_MOVE = YES;
				CLANG_WARN_UNGUARDED_AVAILABILITY = YES_AGGRESSIVE;
				CLANG_WARN_UNREACHABLE_CODE = YES;
				CLANG_WARN__DUPLICATE_METHOD_MATCH = YES;
				CODE_SIGN_IDENTITY = "iPhone Developer";
				COPY_PHASE_STRIP = NO;
				DEBUG_INFORMATION_FORMAT = "dwarf-with-dsym";
				ENABLE_NS_ASSERTIONS = NO;
				ENABLE_STRICT_OBJC_MSGSEND = YES;
				GCC_C_LANGUAGE_STANDARD = gnu11;
				GCC_NO_COMMON_BLOCKS = YES;
				GCC_WARN_64_TO_32_BIT_CONVERSION = YES;
				GCC_WARN_ABOUT_RETURN_TYPE = YES_ERROR;
				GCC_WARN_UNDECLARED_SELECTOR = YES;
				GCC_WARN_UNINITIALIZED_AUTOS = YES_AGGRESSIVE;
				GCC_WARN_UNUSED_FUNCTION = YES;
				GCC_WARN_UNUSED_VARIABLE = YES;
				IPHONEOS_DEPLOYMENT_TARGET = 12.2;
				MTL_ENABLE_DEBUG_INFO = NO;
				MTL_FAST_MATH = YES;
				SDKROOT = iphoneos;
				SWIFT_COMPILATION_MODE = wholemodule;
				SWIFT_OPTIMIZATION_LEVEL = "-O";
				VALIDATE_PRODUCT = YES;
			};
			name = Release;
		};
		9C5002A322A930F7008AE561 /* Debug */ = {
			isa = XCBuildConfiguration;
			baseConfigurationReference = 72FADDED504617069CC60B5B /* Pods-CryptoApp.debug.xcconfig */;
			buildSettings = {
				ASSETCATALOG_COMPILER_APPICON_NAME = AppIcon;
				CODE_SIGN_IDENTITY = "iPhone Developer";
				CODE_SIGN_STYLE = Automatic;
				DEVELOPMENT_TEAM = XBEPC2JPC9;
				INFOPLIST_FILE = CryptoApp/Info.plist;
				LD_RUNPATH_SEARCH_PATHS = (
					"$(inherited)",
					"@executable_path/Frameworks",
				);
				PRODUCT_BUNDLE_IDENTIFIER = Teste.CryptoApp;
				PRODUCT_NAME = "$(TARGET_NAME)";
				PROVISIONING_PROFILE_SPECIFIER = "";
				SWIFT_VERSION = 5.0;
				TARGETED_DEVICE_FAMILY = "1,2";
			};
			name = Debug;
		};
		9C5002A422A930F7008AE561 /* Release */ = {
			isa = XCBuildConfiguration;
			baseConfigurationReference = FBA1FA79DB928E94F28A117A /* Pods-CryptoApp.release.xcconfig */;
			buildSettings = {
				ASSETCATALOG_COMPILER_APPICON_NAME = AppIcon;
				CODE_SIGN_IDENTITY = "iPhone Developer";
				CODE_SIGN_STYLE = Automatic;
				DEVELOPMENT_TEAM = XBEPC2JPC9;
				INFOPLIST_FILE = CryptoApp/Info.plist;
				LD_RUNPATH_SEARCH_PATHS = (
					"$(inherited)",
					"@executable_path/Frameworks",
				);
				PRODUCT_BUNDLE_IDENTIFIER = Teste.CryptoApp;
				PRODUCT_NAME = "$(TARGET_NAME)";
				PROVISIONING_PROFILE_SPECIFIER = "";
				SWIFT_VERSION = 5.0;
				TARGETED_DEVICE_FAMILY = "1,2";
			};
			name = Release;
		};
		9C5002A622A930F7008AE561 /* Debug */ = {
			isa = XCBuildConfiguration;
			baseConfigurationReference = FC638CFA53135D96A8DE62A9 /* Pods-CryptoAppTests.debug.xcconfig */;
			buildSettings = {
				ALWAYS_EMBED_SWIFT_STANDARD_LIBRARIES = YES;
				BUNDLE_LOADER = "$(TEST_HOST)";
				CODE_SIGN_STYLE = Automatic;
				DEVELOPMENT_TEAM = XBEPC2JPC9;
				INFOPLIST_FILE = CryptoAppTests/Info.plist;
				LD_RUNPATH_SEARCH_PATHS = (
					"$(inherited)",
					"@executable_path/Frameworks",
					"@loader_path/Frameworks",
				);
				PRODUCT_BUNDLE_IDENTIFIER = Teste.CryptoAppTests;
				PRODUCT_NAME = "$(TARGET_NAME)";
				SWIFT_VERSION = 5.0;
				TARGETED_DEVICE_FAMILY = "1,2";
				TEST_HOST = "$(BUILT_PRODUCTS_DIR)/CryptoApp.app/CryptoApp";
			};
			name = Debug;
		};
		9C5002A722A930F7008AE561 /* Release */ = {
			isa = XCBuildConfiguration;
			baseConfigurationReference = C391D11B7C898A21F9021984 /* Pods-CryptoAppTests.release.xcconfig */;
			buildSettings = {
				ALWAYS_EMBED_SWIFT_STANDARD_LIBRARIES = YES;
				BUNDLE_LOADER = "$(TEST_HOST)";
				CODE_SIGN_STYLE = Automatic;
				DEVELOPMENT_TEAM = XBEPC2JPC9;
				INFOPLIST_FILE = CryptoAppTests/Info.plist;
				LD_RUNPATH_SEARCH_PATHS = (
					"$(inherited)",
					"@executable_path/Frameworks",
					"@loader_path/Frameworks",
				);
				PRODUCT_BUNDLE_IDENTIFIER = Teste.CryptoAppTests;
				PRODUCT_NAME = "$(TARGET_NAME)";
				SWIFT_VERSION = 5.0;
				TARGETED_DEVICE_FAMILY = "1,2";
				TEST_HOST = "$(BUILT_PRODUCTS_DIR)/CryptoApp.app/CryptoApp";
			};
			name = Release;
		};
		9C5002A922A930F7008AE561 /* Debug */ = {
			isa = XCBuildConfiguration;
			baseConfigurationReference = 85E2E59C0F94CC03370BC16B /* Pods-CryptoAppUITests.debug.xcconfig */;
			buildSettings = {
				ALWAYS_EMBED_SWIFT_STANDARD_LIBRARIES = YES;
				CODE_SIGN_STYLE = Automatic;
				DEVELOPMENT_TEAM = XBEPC2JPC9;
				INFOPLIST_FILE = CryptoAppUITests/Info.plist;
				LD_RUNPATH_SEARCH_PATHS = (
					"$(inherited)",
					"@executable_path/Frameworks",
					"@loader_path/Frameworks",
				);
				PRODUCT_BUNDLE_IDENTIFIER = Teste.CryptoAppUITests;
				PRODUCT_NAME = "$(TARGET_NAME)";
				SWIFT_VERSION = 5.0;
				TARGETED_DEVICE_FAMILY = "1,2";
				TEST_TARGET_NAME = CryptoApp;
			};
			name = Debug;
		};
		9C5002AA22A930F7008AE561 /* Release */ = {
			isa = XCBuildConfiguration;
			baseConfigurationReference = D59CB7712128EBB7106194A4 /* Pods-CryptoAppUITests.release.xcconfig */;
			buildSettings = {
				ALWAYS_EMBED_SWIFT_STANDARD_LIBRARIES = YES;
				CODE_SIGN_STYLE = Automatic;
				DEVELOPMENT_TEAM = XBEPC2JPC9;
				INFOPLIST_FILE = CryptoAppUITests/Info.plist;
				LD_RUNPATH_SEARCH_PATHS = (
					"$(inherited)",
					"@executable_path/Frameworks",
					"@loader_path/Frameworks",
				);
				PRODUCT_BUNDLE_IDENTIFIER = Teste.CryptoAppUITests;
				PRODUCT_NAME = "$(TARGET_NAME)";
				SWIFT_VERSION = 5.0;
				TARGETED_DEVICE_FAMILY = "1,2";
				TEST_TARGET_NAME = CryptoApp;
			};
			name = Release;
		};
/* End XCBuildConfiguration section */

/* Begin XCConfigurationList section */
		9C50027522A930F5008AE561 /* Build configuration list for PBXProject "CryptoApp" */ = {
			isa = XCConfigurationList;
			buildConfigurations = (
				9C5002A022A930F7008AE561 /* Debug */,
				9C5002A122A930F7008AE561 /* Release */,
			);
			defaultConfigurationIsVisible = 0;
			defaultConfigurationName = Release;
		};
		9C5002A222A930F7008AE561 /* Build configuration list for PBXNativeTarget "CryptoApp" */ = {
			isa = XCConfigurationList;
			buildConfigurations = (
				9C5002A322A930F7008AE561 /* Debug */,
				9C5002A422A930F7008AE561 /* Release */,
			);
			defaultConfigurationIsVisible = 0;
			defaultConfigurationName = Release;
		};
		9C5002A522A930F7008AE561 /* Build configuration list for PBXNativeTarget "CryptoAppTests" */ = {
			isa = XCConfigurationList;
			buildConfigurations = (
				9C5002A622A930F7008AE561 /* Debug */,
				9C5002A722A930F7008AE561 /* Release */,
			);
			defaultConfigurationIsVisible = 0;
			defaultConfigurationName = Release;
		};
		9C5002A822A930F7008AE561 /* Build configuration list for PBXNativeTarget "CryptoAppUITests" */ = {
			isa = XCConfigurationList;
			buildConfigurations = (
				9C5002A922A930F7008AE561 /* Debug */,
				9C5002AA22A930F7008AE561 /* Release */,
			);
			defaultConfigurationIsVisible = 0;
			defaultConfigurationName = Release;
		};
/* End XCConfigurationList section */
	};
	rootObject = 9C50027222A930F5008AE561 /* Project object */;
}
